
Microsoft Visual Studio Solution File, Format Version 12.00
# Visual Studio Version 17
VisualStudioVersion = 17.0.31903.59
MinimumVisualStudioVersion = 10.0.40219.1
Project("{FAE04EC0-301F-11D3-BF4B-00C04F79EFBC}") = "Practica_clase", "Practica_clase\Practica_clase.csproj", "{CE9F863C-332D-4BEC-97A0-4A695FBC02EF}"
EndProject
Project("{FAE04EC0-301F-11D3-BF4B-00C04F79EFBC}") = "Semana13", "Semana13\Semana13.csproj", "{EE0D76E6-A380-4381-8F11-10153B7BD24D}"
EndProject
Global
	GlobalSection(SolutionConfigurationPlatforms) = preSolution
		Debug|Any CPU = Debug|Any CPU
		Debug|x64 = Debug|x64
		Debug|x86 = Debug|x86
		Release|Any CPU = Release|Any CPU
		Release|x64 = Release|x64
		Release|x86 = Release|x86
	EndGlobalSection
	GlobalSection(ProjectConfigurationPlatforms) = postSolution
		{CE9F863C-332D-4BEC-97A0-4A695FBC02EF}.Debug|Any CPU.ActiveCfg = Debug|Any CPU
		{CE9F863C-332D-4BEC-97A0-4A695FBC02EF}.Debug|Any CPU.Build.0 = Debug|Any CPU
		{CE9F863C-332D-4BEC-97A0-4A695FBC02EF}.Debug|x64.ActiveCfg = Debug|Any CPU
		{CE9F863C-332D-4BEC-97A0-4A695FBC02EF}.Debug|x64.Build.0 = Debug|Any CPU
		{CE9F863C-332D-4BEC-97A0-4A695FBC02EF}.Debug|x86.ActiveCfg = Debug|Any CPU
		{CE9F863C-332D-4BEC-97A0-4A695FBC02EF}.Debug|x86.Build.0 = Debug|Any CPU
		{CE9F863C-332D-4BEC-97A0-4A695FBC02EF}.Release|Any CPU.ActiveCfg = Release|Any CPU
		{CE9F863C-332D-4BEC-97A0-4A695FBC02EF}.Release|Any CPU.Build.0 = Release|Any CPU
		{CE9F863C-332D-4BEC-97A0-4A695FBC02EF}.Release|x64.ActiveCfg = Release|Any CPU
		{CE9F863C-332D-4BEC-97A0-4A695FBC02EF}.Release|x64.Build.0 = Release|Any CPU
		{CE9F863C-332D-4BEC-97A0-4A695FBC02EF}.Release|x86.ActiveCfg = Release|Any CPU
		{CE9F863C-332D-4BEC-97A0-4A695FBC02EF}.Release|x86.Build.0 = Release|Any CPU
		{EE0D76E6-A380-4381-8F11-10153B7BD24D}.Debug|Any CPU.ActiveCfg = Debug|Any CPU
		{EE0D76E6-A380-4381-8F11-10153B7BD24D}.Debug|Any CPU.Build.0 = Debug|Any CPU
		{EE0D76E6-A380-4381-8F11-10153B7BD24D}.Debug|x64.ActiveCfg = Debug|Any CPU
		{EE0D76E6-A380-4381-8F11-10153B7BD24D}.Debug|x64.Build.0 = Debug|Any CPU
		{EE0D76E6-A380-4381-8F11-10153B7BD24D}.Debug|x86.ActiveCfg = Debug|Any CPU
		{EE0D76E6-A380-4381-8F11-10153B7BD24D}.Debug|x86.Build.0 = Debug|Any CPU
		{EE0D76E6-A380-4381-8F11-10153B7BD24D}.Release|Any CPU.ActiveCfg = Release|Any CPU
		{EE0D76E6-A380-4381-8F11-10153B7BD24D}.Release|Any CPU.Build.0 = Release|Any CPU
		{EE0D76E6-A380-4381-8F11-10153B7BD24D}.Release|x64.ActiveCfg = Release|Any CPU
		{EE0D76E6-A380-4381-8F11-10153B7BD24D}.Release|x64.Build.0 = Release|Any CPU
		{EE0D76E6-A380-4381-8F11-10153B7BD24D}.Release|x86.ActiveCfg = Release|Any CPU
		{EE0D76E6-A380-4381-8F11-10153B7BD24D}.Release|x86.Build.0 = Release|Any CPU
	EndGlobalSection
	GlobalSection(SolutionProperties) = preSolution
		HideSolutionNode = FALSE
	EndGlobalSection
EndGlobal
