
Microsoft Visual Studio Solution File, Format Version 12.00
# Visual Studio Version 17
VisualStudioVersion = 17.0.31903.59
MinimumVisualStudioVersion = 10.0.40219.1
Project("{FAE04EC0-301F-11D3-BF4B-00C04F79EFBC}") = "Semana_7_ejercicio1", "Semana_7_ejercicio1\Semana_7_ejercicio1.csproj", "{CB185A6B-B0B8-4C9F-AE56-6B81E287E207}"
EndProject
Project("{FAE04EC0-301F-11D3-BF4B-00C04F79EFBC}") = "Semana_7_ejercicio2", "Semana_7_ejercicio2\Semana_7_ejercicio2.csproj", "{3592A9C3-DC69-48CB-9504-8DE92B2F2C63}"
EndProject
Project("{FAE04EC0-301F-11D3-BF4B-00C04F79EFBC}") = "Semana_6_ejercicio1", "Semana_6_ejercicio1\Semana_6_ejercicio1.csproj", "{3DFB825D-ED59-4D1F-97D9-F1A27DA2BA83}"
EndProject
Project("{FAE04EC0-301F-11D3-BF4B-00C04F79EFBC}") = "Semana_6_ejercicio2", "Semana_6_ejercicio2\Semana_6_ejercicio2.csproj", "{02BE2872-0151-4FBE-872C-607DBCB2EDCF}"
EndProject
Global
	GlobalSection(SolutionConfigurationPlatforms) = preSolution
		Debug|Any CPU = Debug|Any CPU
		Release|Any CPU = Release|Any CPU
	EndGlobalSection
	GlobalSection(SolutionProperties) = preSolution
		HideSolutionNode = FALSE
	EndGlobalSection
	GlobalSection(ProjectConfigurationPlatforms) = postSolution
		{CB185A6B-B0B8-4C9F-AE56-6B81E287E207}.Debug|Any CPU.ActiveCfg = Debug|Any CPU
		{CB185A6B-B0B8-4C9F-AE56-6B81E287E207}.Debug|Any CPU.Build.0 = Debug|Any CPU
		{CB185A6B-B0B8-4C9F-AE56-6B81E287E207}.Release|Any CPU.ActiveCfg = Release|Any CPU
		{CB185A6B-B0B8-4C9F-AE56-6B81E287E207}.Release|Any CPU.Build.0 = Release|Any CPU
		{3592A9C3-DC69-48CB-9504-8DE92B2F2C63}.Debug|Any CPU.ActiveCfg = Debug|Any CPU
		{3592A9C3-DC69-48CB-9504-8DE92B2F2C63}.Debug|Any CPU.Build.0 = Debug|Any CPU
		{3592A9C3-DC69-48CB-9504-8DE92B2F2C63}.Release|Any CPU.ActiveCfg = Release|Any CPU
		{3592A9C3-DC69-48CB-9504-8DE92B2F2C63}.Release|Any CPU.Build.0 = Release|Any CPU
		{3DFB825D-ED59-4D1F-97D9-F1A27DA2BA83}.Debug|Any CPU.ActiveCfg = Debug|Any CPU
		{3DFB825D-ED59-4D1F-97D9-F1A27DA2BA83}.Debug|Any CPU.Build.0 = Debug|Any CPU
		{3DFB825D-ED59-4D1F-97D9-F1A27DA2BA83}.Release|Any CPU.ActiveCfg = Release|Any CPU
		{3DFB825D-ED59-4D1F-97D9-F1A27DA2BA83}.Release|Any CPU.Build.0 = Release|Any CPU
		{02BE2872-0151-4FBE-872C-607DBCB2EDCF}.Debug|Any CPU.ActiveCfg = Debug|Any CPU
		{02BE2872-0151-4FBE-872C-607DBCB2EDCF}.Debug|Any CPU.Build.0 = Debug|Any CPU
		{02BE2872-0151-4FBE-872C-607DBCB2EDCF}.Release|Any CPU.ActiveCfg = Release|Any CPU
		{02BE2872-0151-4FBE-872C-607DBCB2EDCF}.Release|Any CPU.Build.0 = Release|Any CPU
	EndGlobalSection
EndGlobal
