Microsoft Visual Studio Solution File, Format Version 12.00
# Visual Studio Version 17
VisualStudioVersion = 17.5.2.0
MinimumVisualStudioVersion = 10.0.40219.1
Project("{FAE04EC0-301F-11D3-BF4B-00C04F79EFBC}") = "App_t", "App_t\App_t.csproj", "{4EE6D1B7-B152-F4BF-179B-FC20311A5280}"
EndProject
Project("{FAE04EC0-301F-11D3-BF4B-00C04F79EFBC}") = "Semana_6_ejercicio1", "Semana_6_ejercicio1\Semana_6_ejercicio1.csproj", "{807AC436-4771-C773-42F4-12A0A1EFE1EF}"
EndProject
Project("{FAE04EC0-301F-11D3-BF4B-00C04F79EFBC}") = "Semana_6_ejercicio2", "Semana_6_ejercicio2\Semana_6_ejercicio2.csproj", "{84CD4595-0C63-E751-3E4D-E5508BAE3755}"
EndProject
Project("{FAE04EC0-301F-11D3-BF4B-00C04F79EFBC}") = "Semana_7_Pilas", "Semana_7_Pilas\Semana_7_Pilas.csproj", "{452E71C4-0BAB-4145-AFE0-91E0661114FF}"
EndProject
Global
	GlobalSection(SolutionConfigurationPlatforms) = preSolution
		Debug|Any CPU = Debug|Any CPU
		Release|Any CPU = Release|Any CPU
	EndGlobalSection
	GlobalSection(ProjectConfigurationPlatforms) = postSolution
		{4EE6D1B7-B152-F4BF-179B-FC20311A5280}.Debug|Any CPU.ActiveCfg = Debug|Any CPU
		{4EE6D1B7-B152-F4BF-179B-FC20311A5280}.Debug|Any CPU.Build.0 = Debug|Any CPU
		{4EE6D1B7-B152-F4BF-179B-FC20311A5280}.Release|Any CPU.ActiveCfg = Release|Any CPU
		{4EE6D1B7-B152-F4BF-179B-FC20311A5280}.Release|Any CPU.Build.0 = Release|Any CPU
		{807AC436-4771-C773-42F4-12A0A1EFE1EF}.Debug|Any CPU.ActiveCfg = Debug|Any CPU
		{807AC436-4771-C773-42F4-12A0A1EFE1EF}.Debug|Any CPU.Build.0 = Debug|Any CPU
		{807AC436-4771-C773-42F4-12A0A1EFE1EF}.Release|Any CPU.ActiveCfg = Release|Any CPU
		{807AC436-4771-C773-42F4-12A0A1EFE1EF}.Release|Any CPU.Build.0 = Release|Any CPU
		{84CD4595-0C63-E751-3E4D-E5508BAE3755}.Debug|Any CPU.ActiveCfg = Debug|Any CPU
		{84CD4595-0C63-E751-3E4D-E5508BAE3755}.Debug|Any CPU.Build.0 = Debug|Any CPU
		{84CD4595-0C63-E751-3E4D-E5508BAE3755}.Release|Any CPU.ActiveCfg = Release|Any CPU
		{84CD4595-0C63-E751-3E4D-E5508BAE3755}.Release|Any CPU.Build.0 = Release|Any CPU
		{452E71C4-0BAB-4145-AFE0-91E0661114FF}.Debug|Any CPU.ActiveCfg = Debug|Any CPU
		{452E71C4-0BAB-4145-AFE0-91E0661114FF}.Debug|Any CPU.Build.0 = Debug|Any CPU
		{452E71C4-0BAB-4145-AFE0-91E0661114FF}.Release|Any CPU.ActiveCfg = Release|Any CPU
		{452E71C4-0BAB-4145-AFE0-91E0661114FF}.Release|Any CPU.Build.0 = Release|Any CPU
	EndGlobalSection
	GlobalSection(SolutionProperties) = preSolution
		HideSolutionNode = FALSE
	EndGlobalSection
	GlobalSection(ExtensibilityGlobals) = postSolution
		SolutionGuid = {9382BC94-4F6C-4444-86CA-6B95A2B73F09}
	EndGlobalSection
EndGlobal
